
Microsoft Visual Studio Solution File, Format Version 12.00
# Visual Studio 15
VisualStudioVersion = 15.0.27130.2036
MinimumVisualStudioVersion = 10.0.40219.1
Project("{FAE04EC0-301F-11D3-BF4B-00C04F79EFBC}") = "Itse1430.MovieLib.UI", "Itse1430.MovieLib.UI\Itse1430.MovieLib.UI.csproj", "{64A0C0DE-4A8C-473A-934E-F9A9152A096C}"
EndProject
Project("{FAE04EC0-301F-11D3-BF4B-00C04F79EFBC}") = "Itse1430.MovieLib", "Itse1430.MovieLib\Itse1430.MovieLib.csproj", "{91878698-9B61-4D03-868B-6A9803407EFE}"
EndProject
Project("{FAE04EC0-301F-11D3-BF4B-00C04F79EFBC}") = "Itse1430.MovieLib.Memory", "Itse1430.MovieLib.Memory\Itse1430.MovieLib.Memory.csproj", "{02F80B9E-CD36-4D34-8B59-9C2784DBC0EA}"
EndProject
Project("{00D1A9C2-B5F0-4AF3-8072-F6C62B433612}") = "MovieDatabase", "MovieDatabase\MovieDatabase.sqlproj", "{D336CD26-C9B8-4B7F-83E7-2F951DF1FABC}"
EndProject
Project("{FAE04EC0-301F-11D3-BF4B-00C04F79EFBC}") = "Itse1430.MovieLib.Sql", "Itse1430.MovieLib.Sql\Itse1430.MovieLib.Sql.csproj", "{6BB9AB6D-00C1-4D79-A5B4-2FACDDB5475B}"
EndProject
Project("{FAE04EC0-301F-11D3-BF4B-00C04F79EFBC}") = "PlayWithReflection", "PlayWithReflection\PlayWithReflection.csproj", "{55C5B639-055C-4969-95DD-07C25233552B}"
EndProject
Global
	GlobalSection(SolutionConfigurationPlatforms) = preSolution
		Debug|Any CPU = Debug|Any CPU
		Release|Any CPU = Release|Any CPU
	EndGlobalSection
	GlobalSection(ProjectConfigurationPlatforms) = postSolution
		{64A0C0DE-4A8C-473A-934E-F9A9152A096C}.Debug|Any CPU.ActiveCfg = Debug|Any CPU
		{64A0C0DE-4A8C-473A-934E-F9A9152A096C}.Debug|Any CPU.Build.0 = Debug|Any CPU
		{64A0C0DE-4A8C-473A-934E-F9A9152A096C}.Release|Any CPU.ActiveCfg = Release|Any CPU
		{64A0C0DE-4A8C-473A-934E-F9A9152A096C}.Release|Any CPU.Build.0 = Release|Any CPU
		{91878698-9B61-4D03-868B-6A9803407EFE}.Debug|Any CPU.ActiveCfg = Debug|Any CPU
		{91878698-9B61-4D03-868B-6A9803407EFE}.Debug|Any CPU.Build.0 = Debug|Any CPU
		{91878698-9B61-4D03-868B-6A9803407EFE}.Release|Any CPU.ActiveCfg = Release|Any CPU
		{91878698-9B61-4D03-868B-6A9803407EFE}.Release|Any CPU.Build.0 = Release|Any CPU
		{02F80B9E-CD36-4D34-8B59-9C2784DBC0EA}.Debug|Any CPU.ActiveCfg = Debug|Any CPU
		{02F80B9E-CD36-4D34-8B59-9C2784DBC0EA}.Debug|Any CPU.Build.0 = Debug|Any CPU
		{02F80B9E-CD36-4D34-8B59-9C2784DBC0EA}.Release|Any CPU.ActiveCfg = Release|Any CPU
		{02F80B9E-CD36-4D34-8B59-9C2784DBC0EA}.Release|Any CPU.Build.0 = Release|Any CPU
		{D336CD26-C9B8-4B7F-83E7-2F951DF1FABC}.Debug|Any CPU.ActiveCfg = Debug|Any CPU
		{D336CD26-C9B8-4B7F-83E7-2F951DF1FABC}.Debug|Any CPU.Build.0 = Debug|Any CPU
		{D336CD26-C9B8-4B7F-83E7-2F951DF1FABC}.Debug|Any CPU.Deploy.0 = Debug|Any CPU
		{D336CD26-C9B8-4B7F-83E7-2F951DF1FABC}.Release|Any CPU.ActiveCfg = Release|Any CPU
		{D336CD26-C9B8-4B7F-83E7-2F951DF1FABC}.Release|Any CPU.Build.0 = Release|Any CPU
		{D336CD26-C9B8-4B7F-83E7-2F951DF1FABC}.Release|Any CPU.Deploy.0 = Release|Any CPU
		{6BB9AB6D-00C1-4D79-A5B4-2FACDDB5475B}.Debug|Any CPU.ActiveCfg = Debug|Any CPU
		{6BB9AB6D-00C1-4D79-A5B4-2FACDDB5475B}.Debug|Any CPU.Build.0 = Debug|Any CPU
		{6BB9AB6D-00C1-4D79-A5B4-2FACDDB5475B}.Release|Any CPU.ActiveCfg = Release|Any CPU
		{6BB9AB6D-00C1-4D79-A5B4-2FACDDB5475B}.Release|Any CPU.Build.0 = Release|Any CPU
		{55C5B639-055C-4969-95DD-07C25233552B}.Debug|Any CPU.ActiveCfg = Debug|Any CPU
		{55C5B639-055C-4969-95DD-07C25233552B}.Debug|Any CPU.Build.0 = Debug|Any CPU
		{55C5B639-055C-4969-95DD-07C25233552B}.Release|Any CPU.ActiveCfg = Release|Any CPU
		{55C5B639-055C-4969-95DD-07C25233552B}.Release|Any CPU.Build.0 = Release|Any CPU
	EndGlobalSection
	GlobalSection(SolutionProperties) = preSolution
		HideSolutionNode = FALSE
	EndGlobalSection
	GlobalSection(ExtensibilityGlobals) = postSolution
		SolutionGuid = {430F79EA-43CF-40BD-B800-A1F6EED9D206}
	EndGlobalSection
EndGlobal
