
Microsoft Visual Studio Solution File, Format Version 12.00
# Visual Studio 15
VisualStudioVersion = 15.0.27130.2036
MinimumVisualStudioVersion = 10.0.40219.1
Project("{FAE04EC0-301F-11D3-BF4B-00C04F79EFBC}") = "Nile.Windows", "Nile.Windows\Nile.Windows.csproj", "{BD9C86BB-6D5E-4E80-9528-7BFB54CED37D}"
EndProject
Project("{FAE04EC0-301F-11D3-BF4B-00C04F79EFBC}") = "Nile", "Nile\Nile.csproj", "{F3B8DD6E-7216-496A-BD6A-BEE83DBF9CD4}"
EndProject
Project("{FAE04EC0-301F-11D3-BF4B-00C04F79EFBC}") = "Nile.Data.Memory", "Nile.Data.Memory\Nile.Data.Memory.csproj", "{F95AE9BE-FB3F-41C6-B6FE-A7A4C32EDEFF}"
EndProject
Global
	GlobalSection(SolutionConfigurationPlatforms) = preSolution
		Debug|Any CPU = Debug|Any CPU
		Release|Any CPU = Release|Any CPU
	EndGlobalSection
	GlobalSection(ProjectConfigurationPlatforms) = postSolution
		{BD9C86BB-6D5E-4E80-9528-7BFB54CED37D}.Debug|Any CPU.ActiveCfg = Debug|Any CPU
		{BD9C86BB-6D5E-4E80-9528-7BFB54CED37D}.Debug|Any CPU.Build.0 = Debug|Any CPU
		{BD9C86BB-6D5E-4E80-9528-7BFB54CED37D}.Release|Any CPU.ActiveCfg = Release|Any CPU
		{BD9C86BB-6D5E-4E80-9528-7BFB54CED37D}.Release|Any CPU.Build.0 = Release|Any CPU
		{F3B8DD6E-7216-496A-BD6A-BEE83DBF9CD4}.Debug|Any CPU.ActiveCfg = Debug|Any CPU
		{F3B8DD6E-7216-496A-BD6A-BEE83DBF9CD4}.Debug|Any CPU.Build.0 = Debug|Any CPU
		{F3B8DD6E-7216-496A-BD6A-BEE83DBF9CD4}.Release|Any CPU.ActiveCfg = Release|Any CPU
		{F3B8DD6E-7216-496A-BD6A-BEE83DBF9CD4}.Release|Any CPU.Build.0 = Release|Any CPU
		{F95AE9BE-FB3F-41C6-B6FE-A7A4C32EDEFF}.Debug|Any CPU.ActiveCfg = Debug|Any CPU
		{F95AE9BE-FB3F-41C6-B6FE-A7A4C32EDEFF}.Debug|Any CPU.Build.0 = Debug|Any CPU
		{F95AE9BE-FB3F-41C6-B6FE-A7A4C32EDEFF}.Release|Any CPU.ActiveCfg = Release|Any CPU
		{F95AE9BE-FB3F-41C6-B6FE-A7A4C32EDEFF}.Release|Any CPU.Build.0 = Release|Any CPU
	EndGlobalSection
	GlobalSection(SolutionProperties) = preSolution
		HideSolutionNode = FALSE
	EndGlobalSection
	GlobalSection(ExtensibilityGlobals) = postSolution
		SolutionGuid = {6F282486-2AEF-43EE-8545-3DE646EB8986}
	EndGlobalSection
EndGlobal
