
Microsoft Visual Studio Solution File, Format Version 12.00
# Visual Studio 15
VisualStudioVersion = 15.0.26403.7
MinimumVisualStudioVersion = 10.0.40219.1
Project("{FAE04EC0-301F-11D3-BF4B-00C04F79EFBC}") = "Nile.Host", "Nile.Host\Nile.Host.csproj", "{354D49CA-BB4F-432E-AE89-ABA84295E9BD}"
EndProject
Global
	GlobalSection(SolutionConfigurationPlatforms) = preSolution
		Debug|Any CPU = Debug|Any CPU
		Release|Any CPU = Release|Any CPU
	EndGlobalSection
	GlobalSection(ProjectConfigurationPlatforms) = postSolution
		{354D49CA-BB4F-432E-AE89-ABA84295E9BD}.Debug|Any CPU.ActiveCfg = Debug|Any CPU
		{354D49CA-BB4F-432E-AE89-ABA84295E9BD}.Debug|Any CPU.Build.0 = Debug|Any CPU
		{354D49CA-BB4F-432E-AE89-ABA84295E9BD}.Release|Any CPU.ActiveCfg = Release|Any CPU
		{354D49CA-BB4F-432E-AE89-ABA84295E9BD}.Release|Any CPU.Build.0 = Release|Any CPU
	EndGlobalSection
	GlobalSection(SolutionProperties) = preSolution
		HideSolutionNode = FALSE
	EndGlobalSection
EndGlobal
