
Microsoft Visual Studio Solution File, Format Version 12.00
# Visual Studio 15
VisualStudioVersion = 15.0.27130.2036
MinimumVisualStudioVersion = 10.0.40219.1
Project("{FAE04EC0-301F-11D3-BF4B-00C04F79EFBC}") = "Section1", "Section1\Section1.csproj", "{FDE1201F-49D4-4FEA-BDCE-AE3A43E3D26A}"
EndProject
Global
	GlobalSection(SolutionConfigurationPlatforms) = preSolution
		Debug|Any CPU = Debug|Any CPU
		Release|Any CPU = Release|Any CPU
	EndGlobalSection
	GlobalSection(ProjectConfigurationPlatforms) = postSolution
		{FDE1201F-49D4-4FEA-BDCE-AE3A43E3D26A}.Debug|Any CPU.ActiveCfg = Debug|Any CPU
		{FDE1201F-49D4-4FEA-BDCE-AE3A43E3D26A}.Debug|Any CPU.Build.0 = Debug|Any CPU
		{FDE1201F-49D4-4FEA-BDCE-AE3A43E3D26A}.Release|Any CPU.ActiveCfg = Release|Any CPU
		{FDE1201F-49D4-4FEA-BDCE-AE3A43E3D26A}.Release|Any CPU.Build.0 = Release|Any CPU
	EndGlobalSection
	GlobalSection(SolutionProperties) = preSolution
		HideSolutionNode = FALSE
	EndGlobalSection
	GlobalSection(ExtensibilityGlobals) = postSolution
		SolutionGuid = {430F79EA-43CF-40BD-B800-A1F6EED9D206}
	EndGlobalSection
EndGlobal
